// !$*UTF8*$!
{
	archiveVersion = 1;
	classes = {
	};
	objectVersion = 48;
	objects = {

/* Begin PBXBuildFile section */
		03920A3F2073E79E00D81944 /* AppDelegate.swift in Sources */ = {isa = PBXBuildFile; fileRef = 03920A3E2073E79E00D81944 /* AppDelegate.swift */; };
		03920A412073E79E00D81944 /* GameScene.sks in Resources */ = {isa = PBXBuildFile; fileRef = 03920A402073E79E00D81944 /* GameScene.sks */; };
		03920A432073E79E00D81944 /* Actions.sks in Resources */ = {isa = PBXBuildFile; fileRef = 03920A422073E79E00D81944 /* Actions.sks */; };
		03920A452073E79E00D81944 /* GameScene.swift in Sources */ = {isa = PBXBuildFile; fileRef = 03920A442073E79E00D81944 /* GameScene.swift */; };
		03920A472073E79E00D81944 /* GameViewController.swift in Sources */ = {isa = PBXBuildFile; fileRef = 03920A462073E79E00D81944 /* GameViewController.swift */; };
		03920A4A2073E79E00D81944 /* Main.storyboard in Resources */ = {isa = PBXBuildFile; fileRef = 03920A482073E79E00D81944 /* Main.storyboard */; };
		03920A4C2073E79E00D81944 /* Assets.xcassets in Resources */ = {isa = PBXBuildFile; fileRef = 03920A4B2073E79E00D81944 /* Assets.xcassets */; };
		03920A4F2073E79E00D81944 /* LaunchScreen.storyboard in Resources */ = {isa = PBXBuildFile; fileRef = 03920A4D2073E79E00D81944 /* LaunchScreen.storyboard */; };
		03920A5A2073E79E00D81944 /* FORMULAH1Tests.swift in Sources */ = {isa = PBXBuildFile; fileRef = 03920A592073E79E00D81944 /* FORMULAH1Tests.swift */; };
		03920A652073E79E00D81944 /* FORMULAH1UITests.swift in Sources */ = {isa = PBXBuildFile; fileRef = 03920A642073E79E00D81944 /* FORMULAH1UITests.swift */; };
		03C2022F208A4F7A0006D929 /* road19.png in Resources */ = {isa = PBXBuildFile; fileRef = 03C20215208A4F760006D929 /* road19.png */; };
		03C20230208A4F7A0006D929 /* car2.png in Resources */ = {isa = PBXBuildFile; fileRef = 03C20216208A4F760006D929 /* car2.png */; };
		03C20231208A4F7A0006D929 /* road16.png in Resources */ = {isa = PBXBuildFile; fileRef = 03C20217208A4F760006D929 /* road16.png */; };
		03C20232208A4F7A0006D929 /* road17.png in Resources */ = {isa = PBXBuildFile; fileRef = 03C20218208A4F760006D929 /* road17.png */; };
		03C20233208A4F7A0006D929 /* car1.png in Resources */ = {isa = PBXBuildFile; fileRef = 03C20219208A4F760006D929 /* car1.png */; };
		03C20234208A4F7A0006D929 /* road5.png in Resources */ = {isa = PBXBuildFile; fileRef = 03C2021A208A4F770006D929 /* road5.png */; };
		03C20235208A4F7A0006D929 /* car0.png in Resources */ = {isa = PBXBuildFile; fileRef = 03C2021B208A4F770006D929 /* car0.png */; };
		03C20236208A4F7A0006D929 /* car5.png in Resources */ = {isa = PBXBuildFile; fileRef = 03C2021C208A4F770006D929 /* car5.png */; };
		03C20237208A4F7A0006D929 /* road15.png in Resources */ = {isa = PBXBuildFile; fileRef = 03C2021D208A4F770006D929 /* road15.png */; };
		03C20238208A4F7A0006D929 /* road18.png in Resources */ = {isa = PBXBuildFile; fileRef = 03C2021E208A4F770006D929 /* road18.png */; };
		03C20239208A4F7A0006D929 /* road12.png in Resources */ = {isa = PBXBuildFile; fileRef = 03C2021F208A4F770006D929 /* road12.png */; };
		03C2023A208A4F7A0006D929 /* road9.png in Resources */ = {isa = PBXBuildFile; fileRef = 03C20220208A4F770006D929 /* road9.png */; };
		03C2023B208A4F7A0006D929 /* road13.png in Resources */ = {isa = PBXBuildFile; fileRef = 03C20221208A4F770006D929 /* road13.png */; };
		03C2023C208A4F7A0006D929 /* road8.png in Resources */ = {isa = PBXBuildFile; fileRef = 03C20222208A4F780006D929 /* road8.png */; };
		03C2023D208A4F7A0006D929 /* car6.png in Resources */ = {isa = PBXBuildFile; fileRef = 03C20223208A4F780006D929 /* car6.png */; };
		03C2023E208A4F7A0006D929 /* road3.png in Resources */ = {isa = PBXBuildFile; fileRef = 03C20224208A4F780006D929 /* road3.png */; };
		03C2023F208A4F7A0006D929 /* road11.png in Resources */ = {isa = PBXBuildFile; fileRef = 03C20225208A4F780006D929 /* road11.png */; };
		03C20240208A4F7A0006D929 /* road7.png in Resources */ = {isa = PBXBuildFile; fileRef = 03C20226208A4F780006D929 /* road7.png */; };
		03C20241208A4F7A0006D929 /* road4.png in Resources */ = {isa = PBXBuildFile; fileRef = 03C20227208A4F780006D929 /* road4.png */; };
		03C20242208A4F7A0006D929 /* road20.png in Resources */ = {isa = PBXBuildFile; fileRef = 03C20228208A4F780006D929 /* road20.png */; };
		03C20243208A4F7A0006D929 /* road2.png in Resources */ = {isa = PBXBuildFile; fileRef = 03C20229208A4F790006D929 /* road2.png */; };
		03C20244208A4F7A0006D929 /* road1.png in Resources */ = {isa = PBXBuildFile; fileRef = 03C2022A208A4F790006D929 /* road1.png */; };
		03C20245208A4F7A0006D929 /* road6.png in Resources */ = {isa = PBXBuildFile; fileRef = 03C2022B208A4F790006D929 /* road6.png */; };
		03C20246208A4F7A0006D929 /* road10.png in Resources */ = {isa = PBXBuildFile; fileRef = 03C2022C208A4F790006D929 /* road10.png */; };
		03C20247208A4F7A0006D929 /* car3.png in Resources */ = {isa = PBXBuildFile; fileRef = 03C2022D208A4F790006D929 /* car3.png */; };
		03C20248208A4F7A0006D929 /* road14.png in Resources */ = {isa = PBXBuildFile; fileRef = 03C2022E208A4F790006D929 /* road14.png */; };
		03C2024A208A50FB0006D929 /* 791350.jpg in Resources */ = {isa = PBXBuildFile; fileRef = 03C20249208A50FA0006D929 /* 791350.jpg */; };
		03C2024C208A51810006D929 /* 791350.jpg in Resources */ = {isa = PBXBuildFile; fileRef = 03C2024B208A51800006D929 /* 791350.jpg */; };
		03E6D7782073EA1800538FA0 /* Draggedimage.swift in Sources */ = {isa = PBXBuildFile; fileRef = 03E6D7772073EA1800538FA0 /* Draggedimage.swift */; };
/* End PBXBuildFile section */

/* Begin PBXContainerItemProxy section */
		03920A562073E79E00D81944 /* PBXContainerItemProxy */ = {
			isa = PBXContainerItemProxy;
			containerPortal = 03920A332073E79E00D81944 /* Project object */;
			proxyType = 1;
			remoteGlobalIDString = 03920A3A2073E79E00D81944;
			remoteInfo = FORMULAH1;
		};
		03920A612073E79E00D81944 /* PBXContainerItemProxy */ = {
			isa = PBXContainerItemProxy;
			containerPortal = 03920A332073E79E00D81944 /* Project object */;
			proxyType = 1;
			remoteGlobalIDString = 03920A3A2073E79E00D81944;
			remoteInfo = FORMULAH1;
		};
/* End PBXContainerItemProxy section */

/* Begin PBXFileReference section */
		03920A3B2073E79E00D81944 /* FORMULAH1.app */ = {isa = PBXFileReference; explicitFileType = wrapper.application; includeInIndex = 0; path = FORMULAH1.app; sourceTree = BUILT_PRODUCTS_DIR; };
		03920A3E2073E79E00D81944 /* AppDelegate.swift */ = {isa = PBXFileReference; lastKnownFileType = sourcecode.swift; path = AppDelegate.swift; sourceTree = "<group>"; };
		03920A402073E79E00D81944 /* GameScene.sks */ = {isa = PBXFileReference; lastKnownFileType = file.sks; path = GameScene.sks; sourceTree = "<group>"; };
		03920A422073E79E00D81944 /* Actions.sks */ = {isa = PBXFileReference; lastKnownFileType = file.sks; path = Actions.sks; sourceTree = "<group>"; };
		03920A442073E79E00D81944 /* GameScene.swift */ = {isa = PBXFileReference; lastKnownFileType = sourcecode.swift; path = GameScene.swift; sourceTree = "<group>"; };
		03920A462073E79E00D81944 /* GameViewController.swift */ = {isa = PBXFileReference; lastKnownFileType = sourcecode.swift; path = GameViewController.swift; sourceTree = "<group>"; };
		03920A492073E79E00D81944 /* Base */ = {isa = PBXFileReference; lastKnownFileType = file.storyboard; name = Base; path = Base.lproj/Main.storyboard; sourceTree = "<group>"; };
		03920A4B2073E79E00D81944 /* Assets.xcassets */ = {isa = PBXFileReference; lastKnownFileType = folder.assetcatalog; path = Assets.xcassets; sourceTree = "<group>"; };
		03920A4E2073E79E00D81944 /* Base */ = {isa = PBXFileReference; lastKnownFileType = file.storyboard; name = Base; path = Base.lproj/LaunchScreen.storyboard; sourceTree = "<group>"; };
		03920A502073E79E00D81944 /* Info.plist */ = {isa = PBXFileReference; lastKnownFileType = text.plist.xml; path = Info.plist; sourceTree = "<group>"; };
		03920A552073E79E00D81944 /* FORMULAH1Tests.xctest */ = {isa = PBXFileReference; explicitFileType = wrapper.cfbundle; includeInIndex = 0; path = FORMULAH1Tests.xctest; sourceTree = BUILT_PRODUCTS_DIR; };
		03920A592073E79E00D81944 /* FORMULAH1Tests.swift */ = {isa = PBXFileReference; lastKnownFileType = sourcecode.swift; path = FORMULAH1Tests.swift; sourceTree = "<group>"; };
		03920A5B2073E79E00D81944 /* Info.plist */ = {isa = PBXFileReference; lastKnownFileType = text.plist.xml; path = Info.plist; sourceTree = "<group>"; };
		03920A602073E79E00D81944 /* FORMULAH1UITests.xctest */ = {isa = PBXFileReference; explicitFileType = wrapper.cfbundle; includeInIndex = 0; path = FORMULAH1UITests.xctest; sourceTree = BUILT_PRODUCTS_DIR; };
		03920A642073E79E00D81944 /* FORMULAH1UITests.swift */ = {isa = PBXFileReference; lastKnownFileType = sourcecode.swift; path = FORMULAH1UITests.swift; sourceTree = "<group>"; };
		03920A662073E79E00D81944 /* Info.plist */ = {isa = PBXFileReference; lastKnownFileType = text.plist.xml; path = Info.plist; sourceTree = "<group>"; };
		03C20215208A4F760006D929 /* road19.png */ = {isa = PBXFileReference; lastKnownFileType = image.png; path = road19.png; sourceTree = "<group>"; };
		03C20216208A4F760006D929 /* car2.png */ = {isa = PBXFileReference; lastKnownFileType = image.png; path = car2.png; sourceTree = "<group>"; };
		03C20217208A4F760006D929 /* road16.png */ = {isa = PBXFileReference; lastKnownFileType = image.png; path = road16.png; sourceTree = "<group>"; };
		03C20218208A4F760006D929 /* road17.png */ = {isa = PBXFileReference; lastKnownFileType = image.png; path = road17.png; sourceTree = "<group>"; };
		03C20219208A4F760006D929 /* car1.png */ = {isa = PBXFileReference; lastKnownFileType = image.png; path = car1.png; sourceTree = "<group>"; };
		03C2021A208A4F770006D929 /* road5.png */ = {isa = PBXFileReference; lastKnownFileType = image.png; path = road5.png; sourceTree = "<group>"; };
		03C2021B208A4F770006D929 /* car0.png */ = {isa = PBXFileReference; lastKnownFileType = image.png; path = car0.png; sourceTree = "<group>"; };
		03C2021C208A4F770006D929 /* car5.png */ = {isa = PBXFileReference; lastKnownFileType = image.png; path = car5.png; sourceTree = "<group>"; };
		03C2021D208A4F770006D929 /* road15.png */ = {isa = PBXFileReference; lastKnownFileType = image.png; path = road15.png; sourceTree = "<group>"; };
		03C2021E208A4F770006D929 /* road18.png */ = {isa = PBXFileReference; lastKnownFileType = image.png; path = road18.png; sourceTree = "<group>"; };
		03C2021F208A4F770006D929 /* road12.png */ = {isa = PBXFileReference; lastKnownFileType = image.png; path = road12.png; sourceTree = "<group>"; };
		03C20220208A4F770006D929 /* road9.png */ = {isa = PBXFileReference; lastKnownFileType = image.png; path = road9.png; sourceTree = "<group>"; };
		03C20221208A4F770006D929 /* road13.png */ = {isa = PBXFileReference; lastKnownFileType = image.png; path = road13.png; sourceTree = "<group>"; };
		03C20222208A4F780006D929 /* road8.png */ = {isa = PBXFileReference; lastKnownFileType = image.png; path = road8.png; sourceTree = "<group>"; };
		03C20223208A4F780006D929 /* car6.png */ = {isa = PBXFileReference; lastKnownFileType = image.png; path = car6.png; sourceTree = "<group>"; };
		03C20224208A4F780006D929 /* road3.png */ = {isa = PBXFileReference; lastKnownFileType = image.png; path = road3.png; sourceTree = "<group>"; };
		03C20225208A4F780006D929 /* road11.png */ = {isa = PBXFileReference; lastKnownFileType = image.png; path = road11.png; sourceTree = "<group>"; };
		03C20226208A4F780006D929 /* road7.png */ = {isa = PBXFileReference; lastKnownFileType = image.png; path = road7.png; sourceTree = "<group>"; };
		03C20227208A4F780006D929 /* road4.png */ = {isa = PBXFileReference; lastKnownFileType = image.png; path = road4.png; sourceTree = "<group>"; };
		03C20228208A4F780006D929 /* road20.png */ = {isa = PBXFileReference; lastKnownFileType = image.png; path = road20.png; sourceTree = "<group>"; };
		03C20229208A4F790006D929 /* road2.png */ = {isa = PBXFileReference; lastKnownFileType = image.png; path = road2.png; sourceTree = "<group>"; };
		03C2022A208A4F790006D929 /* road1.png */ = {isa = PBXFileReference; lastKnownFileType = image.png; path = road1.png; sourceTree = "<group>"; };
		03C2022B208A4F790006D929 /* road6.png */ = {isa = PBXFileReference; lastKnownFileType = image.png; path = road6.png; sourceTree = "<group>"; };
		03C2022C208A4F790006D929 /* road10.png */ = {isa = PBXFileReference; lastKnownFileType = image.png; path = road10.png; sourceTree = "<group>"; };
		03C2022D208A4F790006D929 /* car3.png */ = {isa = PBXFileReference; lastKnownFileType = image.png; path = car3.png; sourceTree = "<group>"; };
		03C2022E208A4F790006D929 /* road14.png */ = {isa = PBXFileReference; lastKnownFileType = image.png; path = road14.png; sourceTree = "<group>"; };
		03C20249208A50FA0006D929 /* 791350.jpg */ = {isa = PBXFileReference; lastKnownFileType = image.jpeg; name = 791350.jpg; path = ../../../Downloads/791350.jpg; sourceTree = "<group>"; };
		03C2024B208A51800006D929 /* 791350.jpg */ = {isa = PBXFileReference; lastKnownFileType = image.jpeg; path = 791350.jpg; sourceTree = "<group>"; };
		03E6D7772073EA1800538FA0 /* Draggedimage.swift */ = {isa = PBXFileReference; lastKnownFileType = sourcecode.swift; path = Draggedimage.swift; sourceTree = "<group>"; };
/* End PBXFileReference section */

/* Begin PBXFrameworksBuildPhase section */
		03920A382073E79E00D81944 /* Frameworks */ = {
			isa = PBXFrameworksBuildPhase;
			buildActionMask = 2147483647;
			files = (
			);
			runOnlyForDeploymentPostprocessing = 0;
		};
		03920A522073E79E00D81944 /* Frameworks */ = {
			isa = PBXFrameworksBuildPhase;
			buildActionMask = 2147483647;
			files = (
			);
			runOnlyForDeploymentPostprocessing = 0;
		};
		03920A5D2073E79E00D81944 /* Frameworks */ = {
			isa = PBXFrameworksBuildPhase;
			buildActionMask = 2147483647;
			files = (
			);
			runOnlyForDeploymentPostprocessing = 0;
		};
/* End PBXFrameworksBuildPhase section */

/* Begin PBXGroup section */
		03920A322073E79E00D81944 = {
			isa = PBXGroup;
			children = (
				03920A3D2073E79E00D81944 /* FORMULAH1 */,
				03920A582073E79E00D81944 /* FORMULAH1Tests */,
				03920A632073E79E00D81944 /* FORMULAH1UITests */,
				03920A3C2073E79E00D81944 /* Products */,
			);
			sourceTree = "<group>";
		};
		03920A3C2073E79E00D81944 /* Products */ = {
			isa = PBXGroup;
			children = (
				03920A3B2073E79E00D81944 /* FORMULAH1.app */,
				03920A552073E79E00D81944 /* FORMULAH1Tests.xctest */,
				03920A602073E79E00D81944 /* FORMULAH1UITests.xctest */,
			);
			name = Products;
			sourceTree = "<group>";
		};
		03920A3D2073E79E00D81944 /* FORMULAH1 */ = {
			isa = PBXGroup;
			children = (
				03C20249208A50FA0006D929 /* 791350.jpg */,
				03920A3E2073E79E00D81944 /* AppDelegate.swift */,
				03920A402073E79E00D81944 /* GameScene.sks */,
				03920A422073E79E00D81944 /* Actions.sks */,
				03920A442073E79E00D81944 /* GameScene.swift */,
				03920A462073E79E00D81944 /* GameViewController.swift */,
				03E6D7772073EA1800538FA0 /* Draggedimage.swift */,
				03920A482073E79E00D81944 /* Main.storyboard */,
				03920A4B2073E79E00D81944 /* Assets.xcassets */,
				03920A4D2073E79E00D81944 /* LaunchScreen.storyboard */,
				03C2024B208A51800006D929 /* 791350.jpg */,
				03920A502073E79E00D81944 /* Info.plist */,
				03C2021B208A4F770006D929 /* car0.png */,
				03C20219208A4F760006D929 /* car1.png */,
				03C20216208A4F760006D929 /* car2.png */,
				03C2022D208A4F790006D929 /* car3.png */,
				03C2021C208A4F770006D929 /* car5.png */,
				03C20223208A4F780006D929 /* car6.png */,
				03C2022A208A4F790006D929 /* road1.png */,
				03C20229208A4F790006D929 /* road2.png */,
				03C20224208A4F780006D929 /* road3.png */,
				03C20227208A4F780006D929 /* road4.png */,
				03C2021A208A4F770006D929 /* road5.png */,
				03C2022B208A4F790006D929 /* road6.png */,
				03C20226208A4F780006D929 /* road7.png */,
				03C20222208A4F780006D929 /* road8.png */,
				03C20220208A4F770006D929 /* road9.png */,
				03C2022C208A4F790006D929 /* road10.png */,
				03C20225208A4F780006D929 /* road11.png */,
				03C2021F208A4F770006D929 /* road12.png */,
				03C20221208A4F770006D929 /* road13.png */,
				03C2022E208A4F790006D929 /* road14.png */,
				03C2021D208A4F770006D929 /* road15.png */,
				03C20217208A4F760006D929 /* road16.png */,
				03C20218208A4F760006D929 /* road17.png */,
				03C2021E208A4F770006D929 /* road18.png */,
				03C20215208A4F760006D929 /* road19.png */,
				03C20228208A4F780006D929 /* road20.png */,
			);
			path = FORMULAH1;
			sourceTree = "<group>";
		};
		03920A582073E79E00D81944 /* FORMULAH1Tests */ = {
			isa = PBXGroup;
			children = (
				03920A592073E79E00D81944 /* FORMULAH1Tests.swift */,
				03920A5B2073E79E00D81944 /* Info.plist */,
			);
			path = FORMULAH1Tests;
			sourceTree = "<group>";
		};
		03920A632073E79E00D81944 /* FORMULAH1UITests */ = {
			isa = PBXGroup;
			children = (
				03920A642073E79E00D81944 /* FORMULAH1UITests.swift */,
				03920A662073E79E00D81944 /* Info.plist */,
			);
			path = FORMULAH1UITests;
			sourceTree = "<group>";
		};
/* End PBXGroup section */

/* Begin PBXNativeTarget section */
		03920A3A2073E79E00D81944 /* FORMULAH1 */ = {
			isa = PBXNativeTarget;
			buildConfigurationList = 03920A692073E79E00D81944 /* Build configuration list for PBXNativeTarget "FORMULAH1" */;
			buildPhases = (
				03920A372073E79E00D81944 /* Sources */,
				03920A382073E79E00D81944 /* Frameworks */,
				03920A392073E79E00D81944 /* Resources */,
			);
			buildRules = (
			);
			dependencies = (
			);
			name = FORMULAH1;
			productName = FORMULAH1;
			productReference = 03920A3B2073E79E00D81944 /* FORMULAH1.app */;
			productType = "com.apple.product-type.application";
		};
		03920A542073E79E00D81944 /* FORMULAH1Tests */ = {
			isa = PBXNativeTarget;
			buildConfigurationList = 03920A6C2073E79E00D81944 /* Build configuration list for PBXNativeTarget "FORMULAH1Tests" */;
			buildPhases = (
				03920A512073E79E00D81944 /* Sources */,
				03920A522073E79E00D81944 /* Frameworks */,
				03920A532073E79E00D81944 /* Resources */,
			);
			buildRules = (
			);
			dependencies = (
				03920A572073E79E00D81944 /* PBXTargetDependency */,
			);
			name = FORMULAH1Tests;
			productName = FORMULAH1Tests;
			productReference = 03920A552073E79E00D81944 /* FORMULAH1Tests.xctest */;
			productType = "com.apple.product-type.bundle.unit-test";
		};
		03920A5F2073E79E00D81944 /* FORMULAH1UITests */ = {
			isa = PBXNativeTarget;
			buildConfigurationList = 03920A6F2073E79E00D81944 /* Build configuration list for PBXNativeTarget "FORMULAH1UITests" */;
			buildPhases = (
				03920A5C2073E79E00D81944 /* Sources */,
				03920A5D2073E79E00D81944 /* Frameworks */,
				03920A5E2073E79E00D81944 /* Resources */,
			);
			buildRules = (
			);
			dependencies = (
				03920A622073E79E00D81944 /* PBXTargetDependency */,
			);
			name = FORMULAH1UITests;
			productName = FORMULAH1UITests;
			productReference = 03920A602073E79E00D81944 /* FORMULAH1UITests.xctest */;
			productType = "com.apple.product-type.bundle.ui-testing";
		};
/* End PBXNativeTarget section */

/* Begin PBXProject section */
		03920A332073E79E00D81944 /* Project object */ = {
			isa = PBXProject;
			attributes = {
				LastSwiftUpdateCheck = 0920;
				LastUpgradeCheck = 0920;
				ORGANIZATIONNAME = HAB;
				TargetAttributes = {
					03920A3A2073E79E00D81944 = {
						CreatedOnToolsVersion = 9.2;
						ProvisioningStyle = Automatic;
					};
					03920A542073E79E00D81944 = {
						CreatedOnToolsVersion = 9.2;
						ProvisioningStyle = Automatic;
						TestTargetID = 03920A3A2073E79E00D81944;
					};
					03920A5F2073E79E00D81944 = {
						CreatedOnToolsVersion = 9.2;
						ProvisioningStyle = Automatic;
						TestTargetID = 03920A3A2073E79E00D81944;
					};
				};
			};
			buildConfigurationList = 03920A362073E79E00D81944 /* Build configuration list for PBXProject "FORMULAH1" */;
			compatibilityVersion = "Xcode 8.0";
			developmentRegion = en;
			hasScannedForEncodings = 0;
			knownRegions = (
				en,
				Base,
			);
			mainGroup = 03920A322073E79E00D81944;
			productRefGroup = 03920A3C2073E79E00D81944 /* Products */;
			projectDirPath = "";
			projectRoot = "";
			targets = (
				03920A3A2073E79E00D81944 /* FORMULAH1 */,
				03920A542073E79E00D81944 /* FORMULAH1Tests */,
				03920A5F2073E79E00D81944 /* FORMULAH1UITests */,
			);
		};
/* End PBXProject section */

/* Begin PBXResourcesBuildPhase section */
		03920A392073E79E00D81944 /* Resources */ = {
			isa = PBXResourcesBuildPhase;
			buildActionMask = 2147483647;
			files = (
				03C20245208A4F7A0006D929 /* road6.png in Resources */,
				03C20236208A4F7A0006D929 /* car5.png in Resources */,
				03C2024C208A51810006D929 /* 791350.jpg in Resources */,
				03C20246208A4F7A0006D929 /* road10.png in Resources */,
				03C20232208A4F7A0006D929 /* road17.png in Resources */,
				03920A4A2073E79E00D81944 /* Main.storyboard in Resources */,
				03C20244208A4F7A0006D929 /* road1.png in Resources */,
				03C20240208A4F7A0006D929 /* road7.png in Resources */,
				03C20237208A4F7A0006D929 /* road15.png in Resources */,
				03C2022F208A4F7A0006D929 /* road19.png in Resources */,
				03C20241208A4F7A0006D929 /* road4.png in Resources */,
				03C20231208A4F7A0006D929 /* road16.png in Resources */,
				03C20239208A4F7A0006D929 /* road12.png in Resources */,
				03C2023B208A4F7A0006D929 /* road13.png in Resources */,
				03C20230208A4F7A0006D929 /* car2.png in Resources */,
				03C20248208A4F7A0006D929 /* road14.png in Resources */,
				03C20242208A4F7A0006D929 /* road20.png in Resources */,
				03C2023F208A4F7A0006D929 /* road11.png in Resources */,
				03C2023E208A4F7A0006D929 /* road3.png in Resources */,
				03C2024A208A50FB0006D929 /* 791350.jpg in Resources */,
				03C2023C208A4F7A0006D929 /* road8.png in Resources */,
				03C20235208A4F7A0006D929 /* car0.png in Resources */,
				03C2023D208A4F7A0006D929 /* car6.png in Resources */,
				03920A412073E79E00D81944 /* GameScene.sks in Resources */,
				03C2023A208A4F7A0006D929 /* road9.png in Resources */,
				03C20233208A4F7A0006D929 /* car1.png in Resources */,
				03C20243208A4F7A0006D929 /* road2.png in Resources */,
				03920A4C2073E79E00D81944 /* Assets.xcassets in Resources */,
				03C20238208A4F7A0006D929 /* road18.png in Resources */,
				03C20247208A4F7A0006D929 /* car3.png in Resources */,
				03920A4F2073E79E00D81944 /* LaunchScreen.storyboard in Resources */,
				03C20234208A4F7A0006D929 /* road5.png in Resources */,
				03920A432073E79E00D81944 /* Actions.sks in Resources */,
			);
			runOnlyForDeploymentPostprocessing = 0;
		};
		03920A532073E79E00D81944 /* Resources */ = {
			isa = PBXResourcesBuildPhase;
			buildActionMask = 2147483647;
			files = (
			);
			runOnlyForDeploymentPostprocessing = 0;
		};
		03920A5E2073E79E00D81944 /* Resources */ = {
			isa = PBXResourcesBuildPhase;
			buildActionMask = 2147483647;
			files = (
			);
			runOnlyForDeploymentPostprocessing = 0;
		};
/* End PBXResourcesBuildPhase section */

/* Begin PBXSourcesBuildPhase section */
		03920A372073E79E00D81944 /* Sources */ = {
			isa = PBXSourcesBuildPhase;
			buildActionMask = 2147483647;
			files = (
				03920A452073E79E00D81944 /* GameScene.swift in Sources */,
				03920A472073E79E00D81944 /* GameViewController.swift in Sources */,
				03E6D7782073EA1800538FA0 /* Draggedimage.swift in Sources */,
				03920A3F2073E79E00D81944 /* AppDelegate.swift in Sources */,
			);
			runOnlyForDeploymentPostprocessing = 0;
		};
		03920A512073E79E00D81944 /* Sources */ = {
			isa = PBXSourcesBuildPhase;
			buildActionMask = 2147483647;
			files = (
				03920A5A2073E79E00D81944 /* FORMULAH1Tests.swift in Sources */,
			);
			runOnlyForDeploymentPostprocessing = 0;
		};
		03920A5C2073E79E00D81944 /* Sources */ = {
			isa = PBXSourcesBuildPhase;
			buildActionMask = 2147483647;
			files = (
				03920A652073E79E00D81944 /* FORMULAH1UITests.swift in Sources */,
			);
			runOnlyForDeploymentPostprocessing = 0;
		};
/* End PBXSourcesBuildPhase section */

/* Begin PBXTargetDependency section */
		03920A572073E79E00D81944 /* PBXTargetDependency */ = {
			isa = PBXTargetDependency;
			target = 03920A3A2073E79E00D81944 /* FORMULAH1 */;
			targetProxy = 03920A562073E79E00D81944 /* PBXContainerItemProxy */;
		};
		03920A622073E79E00D81944 /* PBXTargetDependency */ = {
			isa = PBXTargetDependency;
			target = 03920A3A2073E79E00D81944 /* FORMULAH1 */;
			targetProxy = 03920A612073E79E00D81944 /* PBXContainerItemProxy */;
		};
/* End PBXTargetDependency section */

/* Begin PBXVariantGroup section */
		03920A482073E79E00D81944 /* Main.storyboard */ = {
			isa = PBXVariantGroup;
			children = (
				03920A492073E79E00D81944 /* Base */,
			);
			name = Main.storyboard;
			sourceTree = "<group>";
		};
		03920A4D2073E79E00D81944 /* LaunchScreen.storyboard */ = {
			isa = PBXVariantGroup;
			children = (
				03920A4E2073E79E00D81944 /* Base */,
			);
			name = LaunchScreen.storyboard;
			sourceTree = "<group>";
		};
/* End PBXVariantGroup section */

/* Begin XCBuildConfiguration section */
		03920A672073E79E00D81944 /* Debug */ = {
			isa = XCBuildConfiguration;
			buildSettings = {
				ALWAYS_SEARCH_USER_PATHS = NO;
				CLANG_ANALYZER_NONNULL = YES;
				CLANG_ANALYZER_NUMBER_OBJECT_CONVERSION = YES_AGGRESSIVE;
				CLANG_CXX_LANGUAGE_STANDARD = "gnu++14";
				CLANG_CXX_LIBRARY = "libc++";
				CLANG_ENABLE_MODULES = YES;
				CLANG_ENABLE_OBJC_ARC = YES;
				CLANG_WARN_BLOCK_CAPTURE_AUTORELEASING = YES;
				CLANG_WARN_BOOL_CONVERSION = YES;
				CLANG_WARN_COMMA = YES;
				CLANG_WARN_CONSTANT_CONVERSION = YES;
				CLANG_WARN_DIRECT_OBJC_ISA_USAGE = YES_ERROR;
				CLANG_WARN_DOCUMENTATION_COMMENTS = YES;
				CLANG_WARN_EMPTY_BODY = YES;
				CLANG_WARN_ENUM_CONVERSION = YES;
				CLANG_WARN_INFINITE_RECURSION = YES;
				CLANG_WARN_INT_CONVERSION = YES;
				CLANG_WARN_NON_LITERAL_NULL_CONVERSION = YES;
				CLANG_WARN_OBJC_LITERAL_CONVERSION = YES;
				CLANG_WARN_OBJC_ROOT_CLASS = YES_ERROR;
				CLANG_WARN_RANGE_LOOP_ANALYSIS = YES;
				CLANG_WARN_STRICT_PROTOTYPES = YES;
				CLANG_WARN_SUSPICIOUS_MOVE = YES;
				CLANG_WARN_UNGUARDED_AVAILABILITY = YES_AGGRESSIVE;
				CLANG_WARN_UNREACHABLE_CODE = YES;
				CLANG_WARN__DUPLICATE_METHOD_MATCH = YES;
				CODE_SIGN_IDENTITY = "iPhone Developer";
				COPY_PHASE_STRIP = NO;
				DEBUG_INFORMATION_FORMAT = dwarf;
				ENABLE_STRICT_OBJC_MSGSEND = YES;
				ENABLE_TESTABILITY = YES;
				GCC_C_LANGUAGE_STANDARD = gnu11;
				GCC_DYNAMIC_NO_PIC = NO;
				GCC_NO_COMMON_BLOCKS = YES;
				GCC_OPTIMIZATION_LEVEL = 0;
				GCC_PREPROCESSOR_DEFINITIONS = (
					"DEBUG=1",
					"$(inherited)",
				);
				GCC_WARN_64_TO_32_BIT_CONVERSION = YES;
				GCC_WARN_ABOUT_RETURN_TYPE = YES_ERROR;
				GCC_WARN_UNDECLARED_SELECTOR = YES;
				GCC_WARN_UNINITIALIZED_AUTOS = YES_AGGRESSIVE;
				GCC_WARN_UNUSED_FUNCTION = YES;
				GCC_WARN_UNUSED_VARIABLE = YES;
				IPHONEOS_DEPLOYMENT_TARGET = 11.2;
				MTL_ENABLE_DEBUG_INFO = YES;
				ONLY_ACTIVE_ARCH = YES;
				SDKROOT = iphoneos;
				SWIFT_ACTIVE_COMPILATION_CONDITIONS = DEBUG;
				SWIFT_OPTIMIZATION_LEVEL = "-Onone";
			};
			name = Debug;
		};
		03920A682073E79E00D81944 /* Release */ = {
			isa = XCBuildConfiguration;
			buildSettings = {
				ALWAYS_SEARCH_USER_PATHS = NO;
				CLANG_ANALYZER_NONNULL = YES;
				CLANG_ANALYZER_NUMBER_OBJECT_CONVERSION = YES_AGGRESSIVE;
				CLANG_CXX_LANGUAGE_STANDARD = "gnu++14";
				CLANG_CXX_LIBRARY = "libc++";
				CLANG_ENABLE_MODULES = YES;
				CLANG_ENABLE_OBJC_ARC = YES;
				CLANG_WARN_BLOCK_CAPTURE_AUTORELEASING = YES;
				CLANG_WARN_BOOL_CONVERSION = YES;
				CLANG_WARN_COMMA = YES;
				CLANG_WARN_CONSTANT_CONVERSION = YES;
				CLANG_WARN_DIRECT_OBJC_ISA_USAGE = YES_ERROR;
				CLANG_WARN_DOCUMENTATION_COMMENTS = YES;
				CLANG_WARN_EMPTY_BODY = YES;
				CLANG_WARN_ENUM_CONVERSION = YES;
				CLANG_WARN_INFINITE_RECURSION = YES;
				CLANG_WARN_INT_CONVERSION = YES;
				CLANG_WARN_NON_LITERAL_NULL_CONVERSION = YES;
				CLANG_WARN_OBJC_LITERAL_CONVERSION = YES;
				CLANG_WARN_OBJC_ROOT_CLASS = YES_ERROR;
				CLANG_WARN_RANGE_LOOP_ANALYSIS = YES;
				CLANG_WARN_STRICT_PROTOTYPES = YES;
				CLANG_WARN_SUSPICIOUS_MOVE = YES;
				CLANG_WARN_UNGUARDED_AVAILABILITY = YES_AGGRESSIVE;
				CLANG_WARN_UNREACHABLE_CODE = YES;
				CLANG_WARN__DUPLICATE_METHOD_MATCH = YES;
				CODE_SIGN_IDENTITY = "iPhone Developer";
				COPY_PHASE_STRIP = NO;
				DEBUG_INFORMATION_FORMAT = "dwarf-with-dsym";
				ENABLE_NS_ASSERTIONS = NO;
				ENABLE_STRICT_OBJC_MSGSEND = YES;
				GCC_C_LANGUAGE_STANDARD = gnu11;
				GCC_NO_COMMON_BLOCKS = YES;
				GCC_WARN_64_TO_32_BIT_CONVERSION = YES;
				GCC_WARN_ABOUT_RETURN_TYPE = YES_ERROR;
				GCC_WARN_UNDECLARED_SELECTOR = YES;
				GCC_WARN_UNINITIALIZED_AUTOS = YES_AGGRESSIVE;
				GCC_WARN_UNUSED_FUNCTION = YES;
				GCC_WARN_UNUSED_VARIABLE = YES;
				IPHONEOS_DEPLOYMENT_TARGET = 11.2;
				MTL_ENABLE_DEBUG_INFO = NO;
				SDKROOT = iphoneos;
				SWIFT_OPTIMIZATION_LEVEL = "-Owholemodule";
				VALIDATE_PRODUCT = YES;
			};
			name = Release;
		};
		03920A6A2073E79E00D81944 /* Debug */ = {
			isa = XCBuildConfiguration;
			buildSettings = {
				ASSETCATALOG_COMPILER_APPICON_NAME = AppIcon;
				CODE_SIGN_STYLE = Automatic;
				INFOPLIST_FILE = FORMULAH1/Info.plist;
				LD_RUNPATH_SEARCH_PATHS = "$(inherited) @executable_path/Frameworks";
				PRODUCT_BUNDLE_IDENTIFIER = HAB.FORMULAH1;
				PRODUCT_NAME = "$(TARGET_NAME)";
				SWIFT_VERSION = 4.0;
				TARGETED_DEVICE_FAMILY = "1,2";
			};
			name = Debug;
		};
		03920A6B2073E79E00D81944 /* Release */ = {
			isa = XCBuildConfiguration;
			buildSettings = {
				ASSETCATALOG_COMPILER_APPICON_NAME = AppIcon;
				CODE_SIGN_STYLE = Automatic;
				INFOPLIST_FILE = FORMULAH1/Info.plist;
				LD_RUNPATH_SEARCH_PATHS = "$(inherited) @executable_path/Frameworks";
				PRODUCT_BUNDLE_IDENTIFIER = HAB.FORMULAH1;
				PRODUCT_NAME = "$(TARGET_NAME)";
				SWIFT_VERSION = 4.0;
				TARGETED_DEVICE_FAMILY = "1,2";
			};
			name = Release;
		};
		03920A6D2073E79E00D81944 /* Debug */ = {
			isa = XCBuildConfiguration;
			buildSettings = {
				ALWAYS_EMBED_SWIFT_STANDARD_LIBRARIES = YES;
				BUNDLE_LOADER = "$(TEST_HOST)";
				CODE_SIGN_STYLE = Automatic;
				INFOPLIST_FILE = FORMULAH1Tests/Info.plist;
				LD_RUNPATH_SEARCH_PATHS = "$(inherited) @executable_path/Frameworks @loader_path/Frameworks";
				PRODUCT_BUNDLE_IDENTIFIER = HAB.FORMULAH1Tests;
				PRODUCT_NAME = "$(TARGET_NAME)";
				SWIFT_VERSION = 4.0;
				TARGETED_DEVICE_FAMILY = "1,2";
				TEST_HOST = "$(BUILT_PRODUCTS_DIR)/FORMULAH1.app/FORMULAH1";
			};
			name = Debug;
		};
		03920A6E2073E79E00D81944 /* Release */ = {
			isa = XCBuildConfiguration;
			buildSettings = {
				ALWAYS_EMBED_SWIFT_STANDARD_LIBRARIES = YES;
				BUNDLE_LOADER = "$(TEST_HOST)";
				CODE_SIGN_STYLE = Automatic;
				INFOPLIST_FILE = FORMULAH1Tests/Info.plist;
				LD_RUNPATH_SEARCH_PATHS = "$(inherited) @executable_path/Frameworks @loader_path/Frameworks";
				PRODUCT_BUNDLE_IDENTIFIER = HAB.FORMULAH1Tests;
				PRODUCT_NAME = "$(TARGET_NAME)";
				SWIFT_VERSION = 4.0;
				TARGETED_DEVICE_FAMILY = "1,2";
				TEST_HOST = "$(BUILT_PRODUCTS_DIR)/FORMULAH1.app/FORMULAH1";
			};
			name = Release;
		};
		03920A702073E79E00D81944 /* Debug */ = {
			isa = XCBuildConfiguration;
			buildSettings = {
				ALWAYS_EMBED_SWIFT_STANDARD_LIBRARIES = YES;
				CODE_SIGN_STYLE = Automatic;
				INFOPLIST_FILE = FORMULAH1UITests/Info.plist;
				LD_RUNPATH_SEARCH_PATHS = "$(inherited) @executable_path/Frameworks @loader_path/Frameworks";
				PRODUCT_BUNDLE_IDENTIFIER = HAB.FORMULAH1UITests;
				PRODUCT_NAME = "$(TARGET_NAME)";
				SWIFT_VERSION = 4.0;
				TARGETED_DEVICE_FAMILY = "1,2";
				TEST_TARGET_NAME = FORMULAH1;
			};
			name = Debug;
		};
		03920A712073E79E00D81944 /* Release */ = {
			isa = XCBuildConfiguration;
			buildSettings = {
				ALWAYS_EMBED_SWIFT_STANDARD_LIBRARIES = YES;
				CODE_SIGN_STYLE = Automatic;
				INFOPLIST_FILE = FORMULAH1UITests/Info.plist;
				LD_RUNPATH_SEARCH_PATHS = "$(inherited) @executable_path/Frameworks @loader_path/Frameworks";
				PRODUCT_BUNDLE_IDENTIFIER = HAB.FORMULAH1UITests;
				PRODUCT_NAME = "$(TARGET_NAME)";
				SWIFT_VERSION = 4.0;
				TARGETED_DEVICE_FAMILY = "1,2";
				TEST_TARGET_NAME = FORMULAH1;
			};
			name = Release;
		};
/* End XCBuildConfiguration section */

/* Begin XCConfigurationList section */
		03920A362073E79E00D81944 /* Build configuration list for PBXProject "FORMULAH1" */ = {
			isa = XCConfigurationList;
			buildConfigurations = (
				03920A672073E79E00D81944 /* Debug */,
				03920A682073E79E00D81944 /* Release */,
			);
			defaultConfigurationIsVisible = 0;
			defaultConfigurationName = Release;
		};
		03920A692073E79E00D81944 /* Build configuration list for PBXNativeTarget "FORMULAH1" */ = {
			isa = XCConfigurationList;
			buildConfigurations = (
				03920A6A2073E79E00D81944 /* Debug */,
				03920A6B2073E79E00D81944 /* Release */,
			);
			defaultConfigurationIsVisible = 0;
			defaultConfigurationName = Release;
		};
		03920A6C2073E79E00D81944 /* Build configuration list for PBXNativeTarget "FORMULAH1Tests" */ = {
			isa = XCConfigurationList;
			buildConfigurations = (
				03920A6D2073E79E00D81944 /* Debug */,
				03920A6E2073E79E00D81944 /* Release */,
			);
			defaultConfigurationIsVisible = 0;
			defaultConfigurationName = Release;
		};
		03920A6F2073E79E00D81944 /* Build configuration list for PBXNativeTarget "FORMULAH1UITests" */ = {
			isa = XCConfigurationList;
			buildConfigurations = (
				03920A702073E79E00D81944 /* Debug */,
				03920A712073E79E00D81944 /* Release */,
			);
			defaultConfigurationIsVisible = 0;
			defaultConfigurationName = Release;
		};
/* End XCConfigurationList section */
	};
	rootObject = 03920A332073E79E00D81944 /* Project object */;
}
